<?xml version="1.0" encoding="utf-8"?>
<Project ToolsVersion="17.0" xmlns="http://schemas.microsoft.com/developer/msbuild/2003">
  <ItemGroup>
    <ClCompile Include="C:\Work\Blog\QCSim\QCSim\QCSim.cpp">
      <Filter>Source Files</Filter>
    </ClCompile>
    <ClCompile Include="C:\Work\Blog\QCSim\QCSim\Tests.cpp">
      <Filter>Source Files</Filter>
    </ClCompile>
    <ClCompile Include="C:\Work\Blog\QCSim\QCSim\AdderTests.cpp">
      <Filter>Source Files</Filter>
    </ClCompile>
    <ClCompile Include="C:\Work\Blog\QCSim\QCSim\ErrorCorrectionTests.cpp">
      <Filter>Source Files</Filter>
    </ClCompile>
    <ClCompile Include="C:\Work\Blog\QCSim\QCSim\FFT.cpp">
      <Filter>Source Files</Filter>
    </ClCompile>
    <ClCompile Include="C:\Work\Blog\QCSim\QCSim\GatesTests.cpp">
      <Filter>Source Files</Filter>
    </ClCompile>
    <ClCompile Include="C:\Work\Blog\QCSim\QCSim\MeasurementsTests.cpp">
      <Filter>Source Files</Filter>
    </ClCompile>
    <ClCompile Include="C:\Work\Blog\QCSim\QCSim\ParadoxesTests.cpp">
      <Filter>Source Files</Filter>
    </ClCompile>
    <ClCompile Include="C:\Work\Blog\QCSim\QCSim\SimulationTests.cpp">
      <Filter>Source Files</Filter>
    </ClCompile>
    <ClCompile Include="QCSim\GamesTests.cpp">
      <Filter>Source Files</Filter>
    </ClCompile>
    <ClCompile Include="QCSim\DistributedTests.cpp">
      <Filter>Source Files</Filter>
    </ClCompile>
    <ClCompile Include="QCSim\PhaseEstimationTests.cpp">
      <Filter>Source Files</Filter>
    </ClCompile>
    <ClCompile Include="QCSim\TeleportationTests.cpp">
      <Filter>Source Files</Filter>
    </ClCompile>
    <ClCompile Include="QCSim\DeutschJozsaTests.cpp">
      <Filter>Source Files</Filter>
    </ClCompile>
    <ClCompile Include="QCSim\QMLTests.cpp">
      <Filter>Source Files</Filter>
    </ClCompile>
    <ClCompile Include="QCSim\IsingTests.cpp">
      <Filter>Source Files</Filter>
    </ClCompile>
    <ClCompile Include="QCSim\VQETests.cpp">
      <Filter>Source Files</Filter>
    </ClCompile>
    <ClCompile Include="QCSim\MPSSimulatorTests.cpp">
      <Filter>Source Files</Filter>
    </ClCompile>
  </ItemGroup>
  <ItemGroup>
    <Filter Include="Source Files">
      <UniqueIdentifier>{BFCA8F1F-9115-3A48-B0C5-154230EA7C92}</UniqueIdentifier>
    </Filter>
    <Filter Include="Header Files">
      <UniqueIdentifier>{dff03ef0-639c-493e-8439-93a29090ffe1}</UniqueIdentifier>
    </Filter>
  </ItemGroup>
  <ItemGroup>
    <ClInclude Include="QCSim\BernsteinVazirani.h">
      <Filter>Header Files</Filter>
    </ClInclude>
    <ClInclude Include="QCSim\CheckCHSHInequality.h">
      <Filter>Header Files</Filter>
    </ClInclude>
    <ClInclude Include="QCSim\DeutschJozsa.h">
      <Filter>Header Files</Filter>
    </ClInclude>
    <ClInclude Include="QCSim\DraperAdder.h">
      <Filter>Header Files</Filter>
    </ClInclude>
    <ClInclude Include="QCSim\ErrorCorrection3Qubits.h">
      <Filter>Header Files</Filter>
    </ClInclude>
    <ClInclude Include="QCSim\ErrorCorrectionBase.h">
      <Filter>Header Files</Filter>
    </ClInclude>
    <ClInclude Include="QCSim\FFT.h">
      <Filter>Header Files</Filter>
    </ClInclude>
    <ClInclude Include="QCSim\Function.h">
      <Filter>Header Files</Filter>
    </ClInclude>
    <ClInclude Include="QCSim\GeneralElitzurVaidmanBomb.h">
      <Filter>Header Files</Filter>
    </ClInclude>
    <ClInclude Include="QCSim\GroverAlgorithm.h">
      <Filter>Header Files</Filter>
    </ClInclude>
    <ClInclude Include="QCSim\HardyParadox.h">
      <Filter>Header Files</Filter>
    </ClInclude>
    <ClInclude Include="QCSim\Oracle.h">
      <Filter>Header Files</Filter>
    </ClInclude>
    <ClInclude Include="QCSim\PauliStringSimulation.h">
      <Filter>Header Files</Filter>
    </ClInclude>
    <ClInclude Include="QCSim\PhaseEstimation.h">
      <Filter>Header Files</Filter>
    </ClInclude>
    <ClInclude Include="QCSim\QuantumAdder.h">
      <Filter>Header Files</Filter>
    </ClInclude>
    <ClInclude Include="QCSim\QuantumAlgorithm.h">
      <Filter>Header Files</Filter>
    </ClInclude>
    <ClInclude Include="QCSim\QuantumCryptograpy.h">
      <Filter>Header Files</Filter>
    </ClInclude>
    <ClInclude Include="QCSim\QuantumEraser.h">
      <Filter>Header Files</Filter>
    </ClInclude>
    <ClInclude Include="QCSim\QuantumFourierTransform.h">
      <Filter>Header Files</Filter>
    </ClInclude>
    <ClInclude Include="QCSim\QuantumGate.h">
      <Filter>Header Files</Filter>
    </ClInclude>
    <ClInclude Include="QCSim\QubitRegister.h">
      <Filter>Header Files</Filter>
    </ClInclude>
    <ClInclude Include="QCSim\QubitsSwapper.h">
      <Filter>Header Files</Filter>
    </ClInclude>
    <ClInclude Include="QCSim\Schrodinger.h">
      <Filter>Header Files</Filter>
    </ClInclude>
    <ClInclude Include="QCSim\ShorAlgorithm.h">
      <Filter>Header Files</Filter>
    </ClInclude>
    <ClInclude Include="QCSim\ShorCode.h">
      <Filter>Header Files</Filter>
    </ClInclude>
    <ClInclude Include="QCSim\SimonAlgorithm.h">
      <Filter>Header Files</Filter>
    </ClInclude>
    <ClInclude Include="QCSim\SuperdenseCoding.h">
      <Filter>Header Files</Filter>
    </ClInclude>
    <ClInclude Include="QCSim\Teleportation.h">
      <Filter>Header Files</Filter>
    </ClInclude>
    <ClInclude Include="QCSim\Tests.h">
      <Filter>Header Files</Filter>
    </ClInclude>
    <ClInclude Include="QCSim\Utils.h">
      <Filter>Header Files</Filter>
    </ClInclude>
    <ClInclude Include="QCSim\CoinFlipping.h">
      <Filter>Header Files</Filter>
    </ClInclude>
    <ClInclude Include="QCSim\DistributedCNOT.h">
      <Filter>Header Files</Filter>
    </ClInclude>
    <ClInclude Include="QCSim\CatDisentangler.h">
      <Filter>Header Files</Filter>
    </ClInclude>
    <ClInclude Include="QCSim\CatEntangler.h">
      <Filter>Header Files</Filter>
    </ClInclude>
    <ClInclude Include="QCSim\GeneralizedEntanglingGate.h">
      <Filter>Header Files</Filter>
    </ClInclude>
    <ClInclude Include="QCSim\NQubitsQuantumGate.h">
      <Filter>Header Files</Filter>
    </ClInclude>
    <ClInclude Include="QCSim\NQubitsControlledQuantumGate.h">
      <Filter>Header Files</Filter>
    </ClInclude>
    <ClInclude Include="QCSim\EntanglementSwapping.h">
      <Filter>Header Files</Filter>
    </ClInclude>
    <ClInclude Include="QCSim\TeleportedCNOT.h">
      <Filter>Header Files</Filter>
    </ClInclude>
    <ClInclude Include="QCSim\MagicSquare.h">
      <Filter>Header Files</Filter>
    </ClInclude>
    <ClInclude Include="QCSim\NControlledGateWithAncilla.h">
      <Filter>Header Files</Filter>
    </ClInclude>
    <ClInclude Include="QCSim\NControlledNotWithAncilla.h">
      <Filter>Header Files</Filter>
    </ClInclude>
    <ClInclude Include="QCSim\HadamardTransform.h">
      <Filter>Header Files</Filter>
    </ClInclude>
    <ClInclude Include="QCSim\QuantumCountingAlgorithm.h">
      <Filter>Header Files</Filter>
    </ClInclude>
    <ClInclude Include="QCSim\QMeansClustering2D.h">
      <Filter>Header Files</Filter>
    </ClInclude>
    <ClInclude Include="QCSim\IsingModel.h">
      <Filter>Header Files</Filter>
    </ClInclude>
    <ClInclude Include="QCSim\QubitRegisterCalculator.h">
      <Filter>Header Files</Filter>
    </ClInclude>
    <ClInclude Include="QCSim\PauliString.h">
      <Filter>Header Files</Filter>
    </ClInclude>
    <ClInclude Include="QCSim\VQE.h">
      <Filter>Header Files</Filter>
    </ClInclude>
    <ClInclude Include="QCSim\MPSSimulator.h">
      <Filter>Header Files</Filter>
    </ClInclude>
    <ClInclude Include="QCSim\Operators.h">
      <Filter>Header Files</Filter>
    </ClInclude>
    <ClInclude Include="QCSim\MPSSimulatorBase.h">
      <Filter>Header Files</Filter>
    </ClInclude>
  </ItemGroup>
</Project>